
Microsoft Visual Studio Solution File, Format Version 12.00
# Visual Studio Version 17
VisualStudioVersion = 17.13.35931.197
MinimumVisualStudioVersion = 10.0.40219.1
Project("{FAE04EC0-301F-11D3-BF4B-00C04F79EFBC}") = "ArtifactDepotApp.EntityLayer", "ArtifactDepotApp.EntityLayer\ArtifactDepotApp.EntityLayer.csproj", "{C81752C2-AB1E-4CFA-A2AE-0C40922C269C}"
EndProject
Project("{FAE04EC0-301F-11D3-BF4B-00C04F79EFBC}") = "ArtifactDepotApp.DataAccessLayer", "ArtifactDepotApp.DataAccessLayer\ArtifactDepotApp.DataAccessLayer.csproj", "{4D9B5F47-705B-437A-B1DD-CF38EF6CB7E9}"
EndProject
Project("{FAE04EC0-301F-11D3-BF4B-00C04F79EFBC}") = "ArtifactDepotApp.BusinessLayer", "ArtifactDepotApp.BusinessLayer\ArtifactDepotApp.BusinessLayer.csproj", "{59B70E19-B68D-4B93-9917-A8D353972FDC}"
EndProject
Project("{FAE04EC0-301F-11D3-BF4B-00C04F79EFBC}") = "ArtifactDepotApp.API", "ArtifactDepotApp.API\ArtifactDepotApp.API.csproj", "{00304252-2E92-487E-9AC3-C1E0B9413347}"
EndProject
Global
	GlobalSection(SolutionConfigurationPlatforms) = preSolution
		Debug|Any CPU = Debug|Any CPU
		Release|Any CPU = Release|Any CPU
	EndGlobalSection
	GlobalSection(ProjectConfigurationPlatforms) = postSolution
		{C81752C2-AB1E-4CFA-A2AE-0C40922C269C}.Debug|Any CPU.ActiveCfg = Debug|Any CPU
		{C81752C2-AB1E-4CFA-A2AE-0C40922C269C}.Debug|Any CPU.Build.0 = Debug|Any CPU
		{C81752C2-AB1E-4CFA-A2AE-0C40922C269C}.Release|Any CPU.ActiveCfg = Release|Any CPU
		{C81752C2-AB1E-4CFA-A2AE-0C40922C269C}.Release|Any CPU.Build.0 = Release|Any CPU
		{4D9B5F47-705B-437A-B1DD-CF38EF6CB7E9}.Debug|Any CPU.ActiveCfg = Debug|Any CPU
		{4D9B5F47-705B-437A-B1DD-CF38EF6CB7E9}.Debug|Any CPU.Build.0 = Debug|Any CPU
		{4D9B5F47-705B-437A-B1DD-CF38EF6CB7E9}.Release|Any CPU.ActiveCfg = Release|Any CPU
		{4D9B5F47-705B-437A-B1DD-CF38EF6CB7E9}.Release|Any CPU.Build.0 = Release|Any CPU
		{59B70E19-B68D-4B93-9917-A8D353972FDC}.Debug|Any CPU.ActiveCfg = Debug|Any CPU
		{59B70E19-B68D-4B93-9917-A8D353972FDC}.Debug|Any CPU.Build.0 = Debug|Any CPU
		{59B70E19-B68D-4B93-9917-A8D353972FDC}.Release|Any CPU.ActiveCfg = Release|Any CPU
		{59B70E19-B68D-4B93-9917-A8D353972FDC}.Release|Any CPU.Build.0 = Release|Any CPU
		{00304252-2E92-487E-9AC3-C1E0B9413347}.Debug|Any CPU.ActiveCfg = Debug|Any CPU
		{00304252-2E92-487E-9AC3-C1E0B9413347}.Debug|Any CPU.Build.0 = Debug|Any CPU
		{00304252-2E92-487E-9AC3-C1E0B9413347}.Release|Any CPU.ActiveCfg = Release|Any CPU
		{00304252-2E92-487E-9AC3-C1E0B9413347}.Release|Any CPU.Build.0 = Release|Any CPU
	EndGlobalSection
	GlobalSection(SolutionProperties) = preSolution
		HideSolutionNode = FALSE
	EndGlobalSection
	GlobalSection(ExtensibilityGlobals) = postSolution
		SolutionGuid = {D4A03069-C3A8-4B20-A950-AEF7C7C118D4}
	EndGlobalSection
EndGlobal
